// !$*UTF8*$!
{
	archiveVersion = 1;
	classes = {
	};
	objectVersion = 46;
	objects = {

/* Begin PBXBuildFile section */
		D17BEBBA1D5F69FD007C20E2 /* main.m in Sources */ = {isa = PBXBuildFile; fileRef = D17BEBB91D5F69FD007C20E2 /* main.m */; };
		D17BEBBD1D5F69FD007C20E2 /* AppDelegate.m in Sources */ = {isa = PBXBuildFile; fileRef = D17BEBBC1D5F69FD007C20E2 /* AppDelegate.m */; };
		D17BEBC01D5F69FD007C20E2 /* Start.m in Sources */ = {isa = PBXBuildFile; fileRef = D17BEBBF1D5F69FD007C20E2 /* Start.m */; };
		D17BEBC31D5F69FD007C20E2 /* Main.storyboard in Resources */ = {isa = PBXBuildFile; fileRef = D17BEBC11D5F69FD007C20E2 /* Main.storyboard */; };
		D17BEBC61D5F69FD007C20E2 /* Conekta.xcdatamodeld in Sources */ = {isa = PBXBuildFile; fileRef = D17BEBC41D5F69FD007C20E2 /* Conekta.xcdatamodeld */; };
		D17BEBC81D5F69FD007C20E2 /* Assets.xcassets in Resources */ = {isa = PBXBuildFile; fileRef = D17BEBC71D5F69FD007C20E2 /* Assets.xcassets */; };
		D17BEBCB1D5F69FD007C20E2 /* LaunchScreen.storyboard in Resources */ = {isa = PBXBuildFile; fileRef = D17BEBC91D5F69FD007C20E2 /* LaunchScreen.storyboard */; };
/* End PBXBuildFile section */

/* Begin PBXFileReference section */
		D17BEBB51D5F69FD007C20E2 /* Conekta.app */ = {isa = PBXFileReference; explicitFileType = wrapper.application; includeInIndex = 0; path = Conekta.app; sourceTree = BUILT_PRODUCTS_DIR; };
		D17BEBB91D5F69FD007C20E2 /* main.m */ = {isa = PBXFileReference; lastKnownFileType = sourcecode.c.objc; path = main.m; sourceTree = "<group>"; };
		D17BEBBB1D5F69FD007C20E2 /* AppDelegate.h */ = {isa = PBXFileReference; lastKnownFileType = sourcecode.c.h; path = AppDelegate.h; sourceTree = "<group>"; };
		D17BEBBC1D5F69FD007C20E2 /* AppDelegate.m */ = {isa = PBXFileReference; lastKnownFileType = sourcecode.c.objc; path = AppDelegate.m; sourceTree = "<group>"; };
		D17BEBBE1D5F69FD007C20E2 /* Start.h */ = {isa = PBXFileReference; lastKnownFileType = sourcecode.c.h; path = Start.h; sourceTree = "<group>"; };
		D17BEBBF1D5F69FD007C20E2 /* Start.m */ = {isa = PBXFileReference; lastKnownFileType = sourcecode.c.objc; path = Start.m; sourceTree = "<group>"; };
		D17BEBC21D5F69FD007C20E2 /* Base */ = {isa = PBXFileReference; lastKnownFileType = file.storyboard; name = Base; path = Base.lproj/Main.storyboard; sourceTree = "<group>"; };
		D17BEBC51D5F69FD007C20E2 /* Conekta.xcdatamodel */ = {isa = PBXFileReference; lastKnownFileType = wrapper.xcdatamodel; path = Conekta.xcdatamodel; sourceTree = "<group>"; };
		D17BEBC71D5F69FD007C20E2 /* Assets.xcassets */ = {isa = PBXFileReference; lastKnownFileType = folder.assetcatalog; path = Assets.xcassets; sourceTree = "<group>"; };
		D17BEBCA1D5F69FD007C20E2 /* Base */ = {isa = PBXFileReference; lastKnownFileType = file.storyboard; name = Base; path = Base.lproj/LaunchScreen.storyboard; sourceTree = "<group>"; };
		D17BEBCC1D5F69FD007C20E2 /* Info.plist */ = {isa = PBXFileReference; lastKnownFileType = text.plist.xml; path = Info.plist; sourceTree = "<group>"; };
/* End PBXFileReference section */

/* Begin PBXFrameworksBuildPhase section */
		D17BEBB21D5F69FD007C20E2 /* Frameworks */ = {
			isa = PBXFrameworksBuildPhase;
			buildActionMask = 2147483647;
			files = (
			);
			runOnlyForDeploymentPostprocessing = 0;
		};
/* End PBXFrameworksBuildPhase section */

/* Begin PBXGroup section */
		D17BEBAC1D5F69FD007C20E2 = {
			isa = PBXGroup;
			children = (
				D17BEBB71D5F69FD007C20E2 /* Conekta */,
				D17BEBB61D5F69FD007C20E2 /* Products */,
			);
			sourceTree = "<group>";
		};
		D17BEBB61D5F69FD007C20E2 /* Products */ = {
			isa = PBXGroup;
			children = (
				D17BEBB51D5F69FD007C20E2 /* Conekta.app */,
			);
			name = Products;
			sourceTree = "<group>";
		};
		D17BEBB71D5F69FD007C20E2 /* Conekta */ = {
			isa = PBXGroup;
			children = (
				D17BEBD31D5F6A15007C20E2 /* Main */,
				D17BEBD21D5F6A08007C20E2 /* Controllers */,
				D17BEBC11D5F69FD007C20E2 /* Main.storyboard */,
				D17BEBC71D5F69FD007C20E2 /* Assets.xcassets */,
				D17BEBC91D5F69FD007C20E2 /* LaunchScreen.storyboard */,
				D17BEBCC1D5F69FD007C20E2 /* Info.plist */,
				D17BEBC41D5F69FD007C20E2 /* Conekta.xcdatamodeld */,
				D17BEBB81D5F69FD007C20E2 /* Supporting Files */,
			);
			path = Conekta;
			sourceTree = "<group>";
		};
		D17BEBB81D5F69FD007C20E2 /* Supporting Files */ = {
			isa = PBXGroup;
			children = (
				D17BEBB91D5F69FD007C20E2 /* main.m */,
			);
			name = "Supporting Files";
			sourceTree = "<group>";
		};
		D17BEBD21D5F6A08007C20E2 /* Controllers */ = {
			isa = PBXGroup;
			children = (
				D17BEBBE1D5F69FD007C20E2 /* Start.h */,
				D17BEBBF1D5F69FD007C20E2 /* Start.m */,
			);
			name = Controllers;
			sourceTree = "<group>";
		};
		D17BEBD31D5F6A15007C20E2 /* Main */ = {
			isa = PBXGroup;
			children = (
				D17BEBBB1D5F69FD007C20E2 /* AppDelegate.h */,
				D17BEBBC1D5F69FD007C20E2 /* AppDelegate.m */,
			);
			name = Main;
			sourceTree = "<group>";
		};
/* End PBXGroup section */

/* Begin PBXNativeTarget section */
		D17BEBB41D5F69FD007C20E2 /* Conekta */ = {
			isa = PBXNativeTarget;
			buildConfigurationList = D17BEBCF1D5F69FD007C20E2 /* Build configuration list for PBXNativeTarget "Conekta" */;
			buildPhases = (
				D17BEBB11D5F69FD007C20E2 /* Sources */,
				D17BEBB21D5F69FD007C20E2 /* Frameworks */,
				D17BEBB31D5F69FD007C20E2 /* Resources */,
			);
			buildRules = (
			);
			dependencies = (
			);
			name = Conekta;
			productName = Conekta;
			productReference = D17BEBB51D5F69FD007C20E2 /* Conekta.app */;
			productType = "com.apple.product-type.application";
		};
/* End PBXNativeTarget section */

/* Begin PBXProject section */
		D17BEBAD1D5F69FD007C20E2 /* Project object */ = {
			isa = PBXProject;
			attributes = {
				LastUpgradeCheck = 0730;
				ORGANIZATIONNAME = UAG;
				TargetAttributes = {
					D17BEBB41D5F69FD007C20E2 = {
						CreatedOnToolsVersion = 7.3;
					};
				};
			};
			buildConfigurationList = D17BEBB01D5F69FD007C20E2 /* Build configuration list for PBXProject "Conekta" */;
			compatibilityVersion = "Xcode 3.2";
			developmentRegion = English;
			hasScannedForEncodings = 0;
			knownRegions = (
				en,
				Base,
			);
			mainGroup = D17BEBAC1D5F69FD007C20E2;
			productRefGroup = D17BEBB61D5F69FD007C20E2 /* Products */;
			projectDirPath = "";
			projectRoot = "";
			targets = (
				D17BEBB41D5F69FD007C20E2 /* Conekta */,
			);
		};
/* End PBXProject section */

/* Begin PBXResourcesBuildPhase section */
		D17BEBB31D5F69FD007C20E2 /* Resources */ = {
			isa = PBXResourcesBuildPhase;
			buildActionMask = 2147483647;
			files = (
				D17BEBCB1D5F69FD007C20E2 /* LaunchScreen.storyboard in Resources */,
				D17BEBC81D5F69FD007C20E2 /* Assets.xcassets in Resources */,
				D17BEBC31D5F69FD007C20E2 /* Main.storyboard in Resources */,
			);
			runOnlyForDeploymentPostprocessing = 0;
		};
/* End PBXResourcesBuildPhase section */

/* Begin PBXSourcesBuildPhase section */
		D17BEBB11D5F69FD007C20E2 /* Sources */ = {
			isa = PBXSourcesBuildPhase;
			buildActionMask = 2147483647;
			files = (
				D17BEBC01D5F69FD007C20E2 /* Start.m in Sources */,
				D17BEBC61D5F69FD007C20E2 /* Conekta.xcdatamodeld in Sources */,
				D17BEBBD1D5F69FD007C20E2 /* AppDelegate.m in Sources */,
				D17BEBBA1D5F69FD007C20E2 /* main.m in Sources */,
			);
			runOnlyForDeploymentPostprocessing = 0;
		};
/* End PBXSourcesBuildPhase section */

/* Begin PBXVariantGroup section */
		D17BEBC11D5F69FD007C20E2 /* Main.storyboard */ = {
			isa = PBXVariantGroup;
			children = (
				D17BEBC21D5F69FD007C20E2 /* Base */,
			);
			name = Main.storyboard;
			sourceTree = "<group>";
		};
		D17BEBC91D5F69FD007C20E2 /* LaunchScreen.storyboard */ = {
			isa = PBXVariantGroup;
			children = (
				D17BEBCA1D5F69FD007C20E2 /* Base */,
			);
			name = LaunchScreen.storyboard;
			sourceTree = "<group>";
		};
/* End PBXVariantGroup section */

/* Begin XCBuildConfiguration section */
		D17BEBCD1D5F69FD007C20E2 /* Debug */ = {
			isa = XCBuildConfiguration;
			buildSettings = {
				ALWAYS_SEARCH_USER_PATHS = NO;
				CLANG_ANALYZER_NONNULL = YES;
				CLANG_CXX_LANGUAGE_STANDARD = "gnu++0x";
				CLANG_CXX_LIBRARY = "libc++";
				CLANG_ENABLE_MODULES = YES;
				CLANG_ENABLE_OBJC_ARC = YES;
				CLANG_WARN_BOOL_CONVERSION = YES;
				CLANG_WARN_CONSTANT_CONVERSION = YES;
				CLANG_WARN_DIRECT_OBJC_ISA_USAGE = YES_ERROR;
				CLANG_WARN_EMPTY_BODY = YES;
				CLANG_WARN_ENUM_CONVERSION = YES;
				CLANG_WARN_INT_CONVERSION = YES;
				CLANG_WARN_OBJC_ROOT_CLASS = YES_ERROR;
				CLANG_WARN_UNREACHABLE_CODE = YES;
				CLANG_WARN__DUPLICATE_METHOD_MATCH = YES;
				"CODE_SIGN_IDENTITY[sdk=iphoneos*]" = "iPhone Developer";
				COPY_PHASE_STRIP = NO;
				DEBUG_INFORMATION_FORMAT = dwarf;
				ENABLE_STRICT_OBJC_MSGSEND = YES;
				ENABLE_TESTABILITY = YES;
				GCC_C_LANGUAGE_STANDARD = gnu99;
				GCC_DYNAMIC_NO_PIC = NO;
				GCC_NO_COMMON_BLOCKS = YES;
				GCC_OPTIMIZATION_LEVEL = 0;
				GCC_PREPROCESSOR_DEFINITIONS = (
					"DEBUG=1",
					"$(inherited)",
				);
				GCC_WARN_64_TO_32_BIT_CONVERSION = YES;
				GCC_WARN_ABOUT_RETURN_TYPE = YES_ERROR;
				GCC_WARN_UNDECLARED_SELECTOR = YES;
				GCC_WARN_UNINITIALIZED_AUTOS = YES_AGGRESSIVE;
				GCC_WARN_UNUSED_FUNCTION = YES;
				GCC_WARN_UNUSED_VARIABLE = YES;
				IPHONEOS_DEPLOYMENT_TARGET = 9.3;
				MTL_ENABLE_DEBUG_INFO = YES;
				ONLY_ACTIVE_ARCH = YES;
				SDKROOT = iphoneos;
			};
			name = Debug;
		};
		D17BEBCE1D5F69FD007C20E2 /* Release */ = {
			isa = XCBuildConfiguration;
			buildSettings = {
				ALWAYS_SEARCH_USER_PATHS = NO;
				CLANG_ANALYZER_NONNULL = YES;
				CLANG_CXX_LANGUAGE_STANDARD = "gnu++0x";
				CLANG_CXX_LIBRARY = "libc++";
				CLANG_ENABLE_MODULES = YES;
				CLANG_ENABLE_OBJC_ARC = YES;
				CLANG_WARN_BOOL_CONVERSION = YES;
				CLANG_WARN_CONSTANT_CONVERSION = YES;
				CLANG_WARN_DIRECT_OBJC_ISA_USAGE = YES_ERROR;
				CLANG_WARN_EMPTY_BODY = YES;
				CLANG_WARN_ENUM_CONVERSION = YES;
				CLANG_WARN_INT_CONVERSION = YES;
				CLANG_WARN_OBJC_ROOT_CLASS = YES_ERROR;
				CLANG_WARN_UNREACHABLE_CODE = YES;
				CLANG_WARN__DUPLICATE_METHOD_MATCH = YES;
				"CODE_SIGN_IDENTITY[sdk=iphoneos*]" = "iPhone Developer";
				COPY_PHASE_STRIP = NO;
				DEBUG_INFORMATION_FORMAT = "dwarf-with-dsym";
				ENABLE_NS_ASSERTIONS = NO;
				ENABLE_STRICT_OBJC_MSGSEND = YES;
				GCC_C_LANGUAGE_STANDARD = gnu99;
				GCC_NO_COMMON_BLOCKS = YES;
				GCC_WARN_64_TO_32_BIT_CONVERSION = YES;
				GCC_WARN_ABOUT_RETURN_TYPE = YES_ERROR;
				GCC_WARN_UNDECLARED_SELECTOR = YES;
				GCC_WARN_UNINITIALIZED_AUTOS = YES_AGGRESSIVE;
				GCC_WARN_UNUSED_FUNCTION = YES;
				GCC_WARN_UNUSED_VARIABLE = YES;
				IPHONEOS_DEPLOYMENT_TARGET = 9.3;
				MTL_ENABLE_DEBUG_INFO = NO;
				SDKROOT = iphoneos;
				VALIDATE_PRODUCT = YES;
			};
			name = Release;
		};
		D17BEBD01D5F69FD007C20E2 /* Debug */ = {
			isa = XCBuildConfiguration;
			buildSettings = {
				ASSETCATALOG_COMPILER_APPICON_NAME = AppIcon;
				INFOPLIST_FILE = Conekta/Info.plist;
				LD_RUNPATH_SEARCH_PATHS = "$(inherited) @executable_path/Frameworks";
				PRODUCT_BUNDLE_IDENTIFIER = uag.com.Conekta;
				PRODUCT_NAME = "$(TARGET_NAME)";
			};
			name = Debug;
		};
		D17BEBD11D5F69FD007C20E2 /* Release */ = {
			isa = XCBuildConfiguration;
			buildSettings = {
				ASSETCATALOG_COMPILER_APPICON_NAME = AppIcon;
				INFOPLIST_FILE = Conekta/Info.plist;
				LD_RUNPATH_SEARCH_PATHS = "$(inherited) @executable_path/Frameworks";
				PRODUCT_BUNDLE_IDENTIFIER = uag.com.Conekta;
				PRODUCT_NAME = "$(TARGET_NAME)";
			};
			name = Release;
		};
/* End XCBuildConfiguration section */

/* Begin XCConfigurationList section */
		D17BEBB01D5F69FD007C20E2 /* Build configuration list for PBXProject "Conekta" */ = {
			isa = XCConfigurationList;
			buildConfigurations = (
				D17BEBCD1D5F69FD007C20E2 /* Debug */,
				D17BEBCE1D5F69FD007C20E2 /* Release */,
			);
			defaultConfigurationIsVisible = 0;
			defaultConfigurationName = Release;
		};
		D17BEBCF1D5F69FD007C20E2 /* Build configuration list for PBXNativeTarget "Conekta" */ = {
			isa = XCConfigurationList;
			buildConfigurations = (
				D17BEBD01D5F69FD007C20E2 /* Debug */,
				D17BEBD11D5F69FD007C20E2 /* Release */,
			);
			defaultConfigurationIsVisible = 0;
		};
/* End XCConfigurationList section */

/* Begin XCVersionGroup section */
		D17BEBC41D5F69FD007C20E2 /* Conekta.xcdatamodeld */ = {
			isa = XCVersionGroup;
			children = (
				D17BEBC51D5F69FD007C20E2 /* Conekta.xcdatamodel */,
			);
			currentVersion = D17BEBC51D5F69FD007C20E2 /* Conekta.xcdatamodel */;
			path = Conekta.xcdatamodeld;
			sourceTree = "<group>";
			versionGroupType = wrapper.xcdatamodel;
		};
/* End XCVersionGroup section */
	};
	rootObject = D17BEBAD1D5F69FD007C20E2 /* Project object */;
}
